
Microsoft Visual Studio Solution File, Format Version 12.00
# Visual Studio Version 16
VisualStudioVersion = 16.0.29905.134
MinimumVisualStudioVersion = 10.0.40219.1
Project("{FAE04EC0-301F-11D3-BF4B-00C04F79EFBC}") = "DXGridViewUniqueColumn", "DXGridViewUniqueColumn\DXGridViewUniqueColumn.csproj", "{5EEE8EBD-5734-4067-82A3-E53CB5676646}"
EndProject
Global
	GlobalSection(SolutionConfigurationPlatforms) = preSolution
		Debug|Any CPU = Debug|Any CPU
		Release|Any CPU = Release|Any CPU
	EndGlobalSection
	GlobalSection(ProjectConfigurationPlatforms) = postSolution
		{5EEE8EBD-5734-4067-82A3-E53CB5676646}.Debug|Any CPU.ActiveCfg = Debug|Any CPU
		{5EEE8EBD-5734-4067-82A3-E53CB5676646}.Debug|Any CPU.Build.0 = Debug|Any CPU
		{5EEE8EBD-5734-4067-82A3-E53CB5676646}.Release|Any CPU.ActiveCfg = Release|Any CPU
		{5EEE8EBD-5734-4067-82A3-E53CB5676646}.Release|Any CPU.Build.0 = Release|Any CPU
	EndGlobalSection
	GlobalSection(SolutionProperties) = preSolution
		HideSolutionNode = FALSE
	EndGlobalSection
	GlobalSection(ExtensibilityGlobals) = postSolution
		SolutionGuid = {AA2AF4DB-F48E-492F-BE12-AF81D8B26482}
	EndGlobalSection
EndGlobal
